// !$*UTF8*$!
{
	archiveVersion = 1;
	classes = {
	};
	objectVersion = 51;
	objects = {

/* Begin PBXBuildFile section */
		555169F74E59BB61551E31E4 /* Pods_Xnote.framework in Frameworks */ = {isa = PBXBuildFile; fileRef = B12E692E4F1FD5CA7B3CFFB4 /* Pods_Xnote.framework */; };
		ED0ED88A275C3EA300220B74 /* CollectionTableViewCell.swift in Sources */ = {isa = PBXBuildFile; fileRef = ED0ED889275C3EA300220B74 /* CollectionTableViewCell.swift */; };
		ED27DED42759569D00D673D1 /* NameViewController.swift in Sources */ = {isa = PBXBuildFile; fileRef = ED27DED32759569D00D673D1 /* NameViewController.swift */; };
		ED27DED827595DEE00D673D1 /* AuthViewController.swift in Sources */ = {isa = PBXBuildFile; fileRef = ED27DED727595DEE00D673D1 /* AuthViewController.swift */; };
		ED27DEDA2759821900D673D1 /* HomeViewController.swift in Sources */ = {isa = PBXBuildFile; fileRef = ED27DED92759821900D673D1 /* HomeViewController.swift */; };
		ED9AD960275E4295005E7A1A /* Usuarios.swift in Sources */ = {isa = PBXBuildFile; fileRef = ED9AD95F275E4295005E7A1A /* Usuarios.swift */; };
		ED9AD962275E42CA005E7A1A /* Categorias.swift in Sources */ = {isa = PBXBuildFile; fileRef = ED9AD961275E42CA005E7A1A /* Categorias.swift */; };
		ED9AFB2B275D20050067428C /* ListaTareaPendiente.swift in Sources */ = {isa = PBXBuildFile; fileRef = ED9AFB2A275D20050067428C /* ListaTareaPendiente.swift */; };
		ED9AFB2D275D26A90067428C /* TableCollectionViewCell.swift in Sources */ = {isa = PBXBuildFile; fileRef = ED9AFB2C275D26A90067428C /* TableCollectionViewCell.swift */; };
		ED9AFB2F275D29730067428C /* TableHomeViewController.swift in Sources */ = {isa = PBXBuildFile; fileRef = ED9AFB2E275D29730067428C /* TableHomeViewController.swift */; };
		ED9AFB31275D30420067428C /* Models.swift in Sources */ = {isa = PBXBuildFile; fileRef = ED9AFB30275D30420067428C /* Models.swift */; };
		EDA99168275B373F00227C3A /* GoogleService-Info.plist in Resources */ = {isa = PBXBuildFile; fileRef = EDA99167275B373F00227C3A /* GoogleService-Info.plist */; };
		EDD6302627589F60005C9C60 /* AppDelegate.swift in Sources */ = {isa = PBXBuildFile; fileRef = EDD6302527589F60005C9C60 /* AppDelegate.swift */; };
		EDD6302827589F60005C9C60 /* SceneDelegate.swift in Sources */ = {isa = PBXBuildFile; fileRef = EDD6302727589F60005C9C60 /* SceneDelegate.swift */; };
		EDD6302A27589F60005C9C60 /* ViewController.swift in Sources */ = {isa = PBXBuildFile; fileRef = EDD6302927589F60005C9C60 /* ViewController.swift */; };
		EDD6302D27589F60005C9C60 /* Main.storyboard in Resources */ = {isa = PBXBuildFile; fileRef = EDD6302B27589F60005C9C60 /* Main.storyboard */; };
		EDD6303027589F60005C9C60 /* Xnote.xcdatamodeld in Sources */ = {isa = PBXBuildFile; fileRef = EDD6302E27589F60005C9C60 /* Xnote.xcdatamodeld */; };
		EDD6303227589F63005C9C60 /* Assets.xcassets in Resources */ = {isa = PBXBuildFile; fileRef = EDD6303127589F63005C9C60 /* Assets.xcassets */; };
		EDD6303527589F63005C9C60 /* LaunchScreen.storyboard in Resources */ = {isa = PBXBuildFile; fileRef = EDD6303327589F63005C9C60 /* LaunchScreen.storyboard */; };
		EDF011C22759D79D003A5477 /* SideMenu.swift in Sources */ = {isa = PBXBuildFile; fileRef = EDF011C12759D79D003A5477 /* SideMenu.swift */; };
		EDF011C42759D7FA003A5477 /* InfoViewController.swift in Sources */ = {isa = PBXBuildFile; fileRef = EDF011C32759D7FA003A5477 /* InfoViewController.swift */; };
		EDF011C62759D897003A5477 /* SettingViewController.swift in Sources */ = {isa = PBXBuildFile; fileRef = EDF011C52759D897003A5477 /* SettingViewController.swift */; };
/* End PBXBuildFile section */

/* Begin PBXFileReference section */
		67E813010885D4D062F51A8F /* Pods-Xnote.debug.xcconfig */ = {isa = PBXFileReference; includeInIndex = 1; lastKnownFileType = text.xcconfig; name = "Pods-Xnote.debug.xcconfig"; path = "Target Support Files/Pods-Xnote/Pods-Xnote.debug.xcconfig"; sourceTree = "<group>"; };
		B12E692E4F1FD5CA7B3CFFB4 /* Pods_Xnote.framework */ = {isa = PBXFileReference; explicitFileType = wrapper.framework; includeInIndex = 0; path = Pods_Xnote.framework; sourceTree = BUILT_PRODUCTS_DIR; };
		ED0ED889275C3EA300220B74 /* CollectionTableViewCell.swift */ = {isa = PBXFileReference; lastKnownFileType = sourcecode.swift; path = CollectionTableViewCell.swift; sourceTree = "<group>"; };
		ED27DED32759569D00D673D1 /* NameViewController.swift */ = {isa = PBXFileReference; lastKnownFileType = sourcecode.swift; path = NameViewController.swift; sourceTree = "<group>"; };
		ED27DED727595DEE00D673D1 /* AuthViewController.swift */ = {isa = PBXFileReference; lastKnownFileType = sourcecode.swift; path = AuthViewController.swift; sourceTree = "<group>"; };
		ED27DED92759821900D673D1 /* HomeViewController.swift */ = {isa = PBXFileReference; lastKnownFileType = sourcecode.swift; path = HomeViewController.swift; sourceTree = "<group>"; };
		ED9AD95F275E4295005E7A1A /* Usuarios.swift */ = {isa = PBXFileReference; lastKnownFileType = sourcecode.swift; path = Usuarios.swift; sourceTree = "<group>"; };
		ED9AD961275E42CA005E7A1A /* Categorias.swift */ = {isa = PBXFileReference; lastKnownFileType = sourcecode.swift; path = Categorias.swift; sourceTree = "<group>"; };
		ED9AFB2A275D20050067428C /* ListaTareaPendiente.swift */ = {isa = PBXFileReference; lastKnownFileType = sourcecode.swift; path = ListaTareaPendiente.swift; sourceTree = "<group>"; };
		ED9AFB2C275D26A90067428C /* TableCollectionViewCell.swift */ = {isa = PBXFileReference; lastKnownFileType = sourcecode.swift; path = TableCollectionViewCell.swift; sourceTree = "<group>"; };
		ED9AFB2E275D29730067428C /* TableHomeViewController.swift */ = {isa = PBXFileReference; lastKnownFileType = sourcecode.swift; path = TableHomeViewController.swift; sourceTree = "<group>"; };
		ED9AFB30275D30420067428C /* Models.swift */ = {isa = PBXFileReference; lastKnownFileType = sourcecode.swift; path = Models.swift; sourceTree = "<group>"; };
		EDA99167275B373F00227C3A /* GoogleService-Info.plist */ = {isa = PBXFileReference; fileEncoding = 4; lastKnownFileType = text.plist.xml; path = "GoogleService-Info.plist"; sourceTree = "<group>"; };
		EDD6302227589F60005C9C60 /* Xnote.app */ = {isa = PBXFileReference; explicitFileType = wrapper.application; includeInIndex = 0; path = Xnote.app; sourceTree = BUILT_PRODUCTS_DIR; };
		EDD6302527589F60005C9C60 /* AppDelegate.swift */ = {isa = PBXFileReference; lastKnownFileType = sourcecode.swift; path = AppDelegate.swift; sourceTree = "<group>"; };
		EDD6302727589F60005C9C60 /* SceneDelegate.swift */ = {isa = PBXFileReference; lastKnownFileType = sourcecode.swift; path = SceneDelegate.swift; sourceTree = "<group>"; };
		EDD6302927589F60005C9C60 /* ViewController.swift */ = {isa = PBXFileReference; lastKnownFileType = sourcecode.swift; path = ViewController.swift; sourceTree = "<group>"; };
		EDD6302C27589F60005C9C60 /* Base */ = {isa = PBXFileReference; lastKnownFileType = file.storyboard; name = Base; path = Base.lproj/Main.storyboard; sourceTree = "<group>"; };
		EDD6302F27589F60005C9C60 /* Xnote.xcdatamodel */ = {isa = PBXFileReference; lastKnownFileType = wrapper.xcdatamodel; path = Xnote.xcdatamodel; sourceTree = "<group>"; };
		EDD6303127589F63005C9C60 /* Assets.xcassets */ = {isa = PBXFileReference; lastKnownFileType = folder.assetcatalog; path = Assets.xcassets; sourceTree = "<group>"; };
		EDD6303427589F63005C9C60 /* Base */ = {isa = PBXFileReference; lastKnownFileType = file.storyboard; name = Base; path = Base.lproj/LaunchScreen.storyboard; sourceTree = "<group>"; };
		EDD6303627589F63005C9C60 /* Info.plist */ = {isa = PBXFileReference; lastKnownFileType = text.plist.xml; path = Info.plist; sourceTree = "<group>"; };
		EDF011C12759D79D003A5477 /* SideMenu.swift */ = {isa = PBXFileReference; lastKnownFileType = sourcecode.swift; path = SideMenu.swift; sourceTree = "<group>"; };
		EDF011C32759D7FA003A5477 /* InfoViewController.swift */ = {isa = PBXFileReference; lastKnownFileType = sourcecode.swift; path = InfoViewController.swift; sourceTree = "<group>"; };
		EDF011C52759D897003A5477 /* SettingViewController.swift */ = {isa = PBXFileReference; lastKnownFileType = sourcecode.swift; path = SettingViewController.swift; sourceTree = "<group>"; };
		F5D98BDBC181E77ED75F4058 /* Pods-Xnote.release.xcconfig */ = {isa = PBXFileReference; includeInIndex = 1; lastKnownFileType = text.xcconfig; name = "Pods-Xnote.release.xcconfig"; path = "Target Support Files/Pods-Xnote/Pods-Xnote.release.xcconfig"; sourceTree = "<group>"; };
/* End PBXFileReference section */

/* Begin PBXFrameworksBuildPhase section */
		EDD6301F27589F60005C9C60 /* Frameworks */ = {
			isa = PBXFrameworksBuildPhase;
			buildActionMask = 2147483647;
			files = (
				555169F74E59BB61551E31E4 /* Pods_Xnote.framework in Frameworks */,
			);
			runOnlyForDeploymentPostprocessing = 0;
		};
/* End PBXFrameworksBuildPhase section */

/* Begin PBXGroup section */
		62052DF446C8DE4B3D426CFA /* Frameworks */ = {
			isa = PBXGroup;
			children = (
				B12E692E4F1FD5CA7B3CFFB4 /* Pods_Xnote.framework */,
			);
			name = Frameworks;
			sourceTree = "<group>";
		};
		ADF49941B959DF6007F36912 /* Pods */ = {
			isa = PBXGroup;
			children = (
				67E813010885D4D062F51A8F /* Pods-Xnote.debug.xcconfig */,
				F5D98BDBC181E77ED75F4058 /* Pods-Xnote.release.xcconfig */,
			);
			path = Pods;
			sourceTree = "<group>";
		};
		ED0ED88B275C3EC000220B74 /* Cells */ = {
			isa = PBXGroup;
			children = (
				ED0ED889275C3EA300220B74 /* CollectionTableViewCell.swift */,
				ED9AFB2A275D20050067428C /* ListaTareaPendiente.swift */,
				ED9AFB2C275D26A90067428C /* TableCollectionViewCell.swift */,
			);
			path = Cells;
			sourceTree = "<group>";
		};
		ED9AD95D275E4221005E7A1A /* Modelos */ = {
			isa = PBXGroup;
			children = (
				EDF011C12759D79D003A5477 /* SideMenu.swift */,
				ED9AD95F275E4295005E7A1A /* Usuarios.swift */,
				ED9AD961275E42CA005E7A1A /* Categorias.swift */,
			);
			path = Modelos;
			sourceTree = "<group>";
		};
		ED9AD95E275E422E005E7A1A /* ViewControllers */ = {
			isa = PBXGroup;
			children = (
				EDD6302927589F60005C9C60 /* ViewController.swift */,
				ED27DED32759569D00D673D1 /* NameViewController.swift */,
				ED27DED727595DEE00D673D1 /* AuthViewController.swift */,
				ED27DED92759821900D673D1 /* HomeViewController.swift */,
				EDF011C32759D7FA003A5477 /* InfoViewController.swift */,
				EDF011C52759D897003A5477 /* SettingViewController.swift */,
				ED9AFB2E275D29730067428C /* TableHomeViewController.swift */,
			);
			path = ViewControllers;
			sourceTree = "<group>";
		};
		EDD6301927589F60005C9C60 = {
			isa = PBXGroup;
			children = (
				EDD6302427589F60005C9C60 /* Xnote */,
				EDD6302327589F60005C9C60 /* Products */,
				ADF49941B959DF6007F36912 /* Pods */,
				62052DF446C8DE4B3D426CFA /* Frameworks */,
			);
			sourceTree = "<group>";
		};
		EDD6302327589F60005C9C60 /* Products */ = {
			isa = PBXGroup;
			children = (
				EDD6302227589F60005C9C60 /* Xnote.app */,
			);
			name = Products;
			sourceTree = "<group>";
		};
		EDD6302427589F60005C9C60 /* Xnote */ = {
			isa = PBXGroup;
			children = (
				ED9AD95E275E422E005E7A1A /* ViewControllers */,
				ED9AD95D275E4221005E7A1A /* Modelos */,
				ED0ED88B275C3EC000220B74 /* Cells */,
				EDA99167275B373F00227C3A /* GoogleService-Info.plist */,
				EDD6302527589F60005C9C60 /* AppDelegate.swift */,
				EDD6302727589F60005C9C60 /* SceneDelegate.swift */,
				EDD6302B27589F60005C9C60 /* Main.storyboard */,
				EDD6303127589F63005C9C60 /* Assets.xcassets */,
				EDD6303327589F63005C9C60 /* LaunchScreen.storyboard */,
				EDD6303627589F63005C9C60 /* Info.plist */,
				EDD6302E27589F60005C9C60 /* Xnote.xcdatamodeld */,
				ED9AFB30275D30420067428C /* Models.swift */,
			);
			path = Xnote;
			sourceTree = "<group>";
		};
/* End PBXGroup section */

/* Begin PBXNativeTarget section */
		EDD6302127589F60005C9C60 /* Xnote */ = {
			isa = PBXNativeTarget;
			buildConfigurationList = EDD6303927589F63005C9C60 /* Build configuration list for PBXNativeTarget "Xnote" */;
			buildPhases = (
				89FF0C788739CA932A5806A9 /* [CP] Check Pods Manifest.lock */,
				EDD6301E27589F60005C9C60 /* Sources */,
				EDD6301F27589F60005C9C60 /* Frameworks */,
				EDD6302027589F60005C9C60 /* Resources */,
				D4B1AD9E86D7AB496B3F4FB4 /* [CP] Embed Pods Frameworks */,
				985885EC67A49A0841999F30 /* [CP] Copy Pods Resources */,
			);
			buildRules = (
			);
			dependencies = (
			);
			name = Xnote;
			productName = Xnote;
			productReference = EDD6302227589F60005C9C60 /* Xnote.app */;
			productType = "com.apple.product-type.application";
		};
/* End PBXNativeTarget section */

/* Begin PBXProject section */
		EDD6301A27589F60005C9C60 /* Project object */ = {
			isa = PBXProject;
			attributes = {
				LastSwiftUpdateCheck = 1130;
				LastUpgradeCheck = 1130;
				ORGANIZATIONNAME = xnote;
				TargetAttributes = {
					EDD6302127589F60005C9C60 = {
						CreatedOnToolsVersion = 11.3;
					};
				};
			};
			buildConfigurationList = EDD6301D27589F60005C9C60 /* Build configuration list for PBXProject "Xnote" */;
			compatibilityVersion = "Xcode 9.3";
			developmentRegion = en;
			hasScannedForEncodings = 0;
			knownRegions = (
				en,
				Base,
			);
			mainGroup = EDD6301927589F60005C9C60;
			productRefGroup = EDD6302327589F60005C9C60 /* Products */;
			projectDirPath = "";
			projectRoot = "";
			targets = (
				EDD6302127589F60005C9C60 /* Xnote */,
			);
		};
/* End PBXProject section */

/* Begin PBXResourcesBuildPhase section */
		EDD6302027589F60005C9C60 /* Resources */ = {
			isa = PBXResourcesBuildPhase;
			buildActionMask = 2147483647;
			files = (
				EDD6303527589F63005C9C60 /* LaunchScreen.storyboard in Resources */,
				EDA99168275B373F00227C3A /* GoogleService-Info.plist in Resources */,
				EDD6303227589F63005C9C60 /* Assets.xcassets in Resources */,
				EDD6302D27589F60005C9C60 /* Main.storyboard in Resources */,
			);
			runOnlyForDeploymentPostprocessing = 0;
		};
/* End PBXResourcesBuildPhase section */

/* Begin PBXShellScriptBuildPhase section */
		89FF0C788739CA932A5806A9 /* [CP] Check Pods Manifest.lock */ = {
			isa = PBXShellScriptBuildPhase;
			buildActionMask = 2147483647;
			files = (
			);
			inputFileListPaths = (
			);
			inputPaths = (
				"${PODS_PODFILE_DIR_PATH}/Podfile.lock",
				"${PODS_ROOT}/Manifest.lock",
			);
			name = "[CP] Check Pods Manifest.lock";
			outputFileListPaths = (
			);
			outputPaths = (
				"$(DERIVED_FILE_DIR)/Pods-Xnote-checkManifestLockResult.txt",
			);
			runOnlyForDeploymentPostprocessing = 0;
			shellPath = /bin/sh;
			shellScript = "diff \"${PODS_PODFILE_DIR_PATH}/Podfile.lock\" \"${PODS_ROOT}/Manifest.lock\" > /dev/null\nif [ $? != 0 ] ; then\n    # print error to STDERR\n    echo \"error: The sandbox is not in sync with the Podfile.lock. Run 'pod install' or update your CocoaPods installation.\" >&2\n    exit 1\nfi\n# This output is used by Xcode 'outputs' to avoid re-running this script phase.\necho \"SUCCESS\" > \"${SCRIPT_OUTPUT_FILE_0}\"\n";
			showEnvVarsInLog = 0;
		};
		985885EC67A49A0841999F30 /* [CP] Copy Pods Resources */ = {
			isa = PBXShellScriptBuildPhase;
			buildActionMask = 2147483647;
			files = (
			);
			inputFileListPaths = (
				"${PODS_ROOT}/Target Support Files/Pods-Xnote/Pods-Xnote-resources-${CONFIGURATION}-input-files.xcfilelist",
			);
			name = "[CP] Copy Pods Resources";
			outputFileListPaths = (
				"${PODS_ROOT}/Target Support Files/Pods-Xnote/Pods-Xnote-resources-${CONFIGURATION}-output-files.xcfilelist",
			);
			runOnlyForDeploymentPostprocessing = 0;
			shellPath = /bin/sh;
			shellScript = "\"${PODS_ROOT}/Target Support Files/Pods-Xnote/Pods-Xnote-resources.sh\"\n";
			showEnvVarsInLog = 0;
		};
		D4B1AD9E86D7AB496B3F4FB4 /* [CP] Embed Pods Frameworks */ = {
			isa = PBXShellScriptBuildPhase;
			buildActionMask = 2147483647;
			files = (
			);
			inputFileListPaths = (
				"${PODS_ROOT}/Target Support Files/Pods-Xnote/Pods-Xnote-frameworks-${CONFIGURATION}-input-files.xcfilelist",
			);
			name = "[CP] Embed Pods Frameworks";
			outputFileListPaths = (
				"${PODS_ROOT}/Target Support Files/Pods-Xnote/Pods-Xnote-frameworks-${CONFIGURATION}-output-files.xcfilelist",
			);
			runOnlyForDeploymentPostprocessing = 0;
			shellPath = /bin/sh;
			shellScript = "\"${PODS_ROOT}/Target Support Files/Pods-Xnote/Pods-Xnote-frameworks.sh\"\n";
			showEnvVarsInLog = 0;
		};
/* End PBXShellScriptBuildPhase section */

/* Begin PBXSourcesBuildPhase section */
		EDD6301E27589F60005C9C60 /* Sources */ = {
			isa = PBXSourcesBuildPhase;
			buildActionMask = 2147483647;
			files = (
				ED9AFB2F275D29730067428C /* TableHomeViewController.swift in Sources */,
				EDF011C42759D7FA003A5477 /* InfoViewController.swift in Sources */,
				EDD6303027589F60005C9C60 /* Xnote.xcdatamodeld in Sources */,
				EDD6302A27589F60005C9C60 /* ViewController.swift in Sources */,
				ED9AD960275E4295005E7A1A /* Usuarios.swift in Sources */,
				EDD6302627589F60005C9C60 /* AppDelegate.swift in Sources */,
				EDF011C22759D79D003A5477 /* SideMenu.swift in Sources */,
				EDF011C62759D897003A5477 /* SettingViewController.swift in Sources */,
				ED0ED88A275C3EA300220B74 /* CollectionTableViewCell.swift in Sources */,
				EDD6302827589F60005C9C60 /* SceneDelegate.swift in Sources */,
				ED9AFB31275D30420067428C /* Models.swift in Sources */,
				ED9AFB2D275D26A90067428C /* TableCollectionViewCell.swift in Sources */,
				ED9AD962275E42CA005E7A1A /* Categorias.swift in Sources */,
				ED27DED827595DEE00D673D1 /* AuthViewController.swift in Sources */,
				ED9AFB2B275D20050067428C /* ListaTareaPendiente.swift in Sources */,
				ED27DEDA2759821900D673D1 /* HomeViewController.swift in Sources */,
				ED27DED42759569D00D673D1 /* NameViewController.swift in Sources */,
			);
			runOnlyForDeploymentPostprocessing = 0;
		};
/* End PBXSourcesBuildPhase section */

/* Begin PBXVariantGroup section */
		EDD6302B27589F60005C9C60 /* Main.storyboard */ = {
			isa = PBXVariantGroup;
			children = (
				EDD6302C27589F60005C9C60 /* Base */,
			);
			name = Main.storyboard;
			sourceTree = "<group>";
		};
		EDD6303327589F63005C9C60 /* LaunchScreen.storyboard */ = {
			isa = PBXVariantGroup;
			children = (
				EDD6303427589F63005C9C60 /* Base */,
			);
			name = LaunchScreen.storyboard;
			sourceTree = "<group>";
		};
/* End PBXVariantGroup section */

/* Begin XCBuildConfiguration section */
		EDD6303727589F63005C9C60 /* Debug */ = {
			isa = XCBuildConfiguration;
			buildSettings = {
				ALWAYS_SEARCH_USER_PATHS = NO;
				CLANG_ANALYZER_NONNULL = YES;
				CLANG_ANALYZER_NUMBER_OBJECT_CONVERSION = YES_AGGRESSIVE;
				CLANG_CXX_LANGUAGE_STANDARD = "gnu++14";
				CLANG_CXX_LIBRARY = "libc++";
				CLANG_ENABLE_MODULES = YES;
				CLANG_ENABLE_OBJC_ARC = YES;
				CLANG_ENABLE_OBJC_WEAK = YES;
				CLANG_WARN_BLOCK_CAPTURE_AUTORELEASING = YES;
				CLANG_WARN_BOOL_CONVERSION = YES;
				CLANG_WARN_COMMA = YES;
				CLANG_WARN_CONSTANT_CONVERSION = YES;
				CLANG_WARN_DEPRECATED_OBJC_IMPLEMENTATIONS = YES;
				CLANG_WARN_DIRECT_OBJC_ISA_USAGE = YES_ERROR;
				CLANG_WARN_DOCUMENTATION_COMMENTS = YES;
				CLANG_WARN_EMPTY_BODY = YES;
				CLANG_WARN_ENUM_CONVERSION = YES;
				CLANG_WARN_INFINITE_RECURSION = YES;
				CLANG_WARN_INT_CONVERSION = YES;
				CLANG_WARN_NON_LITERAL_NULL_CONVERSION = YES;
				CLANG_WARN_OBJC_IMPLICIT_RETAIN_SELF = YES;
				CLANG_WARN_OBJC_LITERAL_CONVERSION = YES;
				CLANG_WARN_OBJC_ROOT_CLASS = YES_ERROR;
				CLANG_WARN_RANGE_LOOP_ANALYSIS = YES;
				CLANG_WARN_STRICT_PROTOTYPES = YES;
				CLANG_WARN_SUSPICIOUS_MOVE = YES;
				CLANG_WARN_UNGUARDED_AVAILABILITY = YES_AGGRESSIVE;
				CLANG_WARN_UNREACHABLE_CODE = YES;
				CLANG_WARN__DUPLICATE_METHOD_MATCH = YES;
				COPY_PHASE_STRIP = NO;
				DEBUG_INFORMATION_FORMAT = dwarf;
				ENABLE_STRICT_OBJC_MSGSEND = YES;
				ENABLE_TESTABILITY = YES;
				GCC_C_LANGUAGE_STANDARD = gnu11;
				GCC_DYNAMIC_NO_PIC = NO;
				GCC_NO_COMMON_BLOCKS = YES;
				GCC_OPTIMIZATION_LEVEL = 0;
				GCC_PREPROCESSOR_DEFINITIONS = (
					"DEBUG=1",
					"$(inherited)",
				);
				GCC_WARN_64_TO_32_BIT_CONVERSION = YES;
				GCC_WARN_ABOUT_RETURN_TYPE = YES_ERROR;
				GCC_WARN_UNDECLARED_SELECTOR = YES;
				GCC_WARN_UNINITIALIZED_AUTOS = YES_AGGRESSIVE;
				GCC_WARN_UNUSED_FUNCTION = YES;
				GCC_WARN_UNUSED_VARIABLE = YES;
				IPHONEOS_DEPLOYMENT_TARGET = 13.2;
				MTL_ENABLE_DEBUG_INFO = INCLUDE_SOURCE;
				MTL_FAST_MATH = YES;
				ONLY_ACTIVE_ARCH = YES;
				SDKROOT = iphoneos;
				SWIFT_ACTIVE_COMPILATION_CONDITIONS = DEBUG;
				SWIFT_OPTIMIZATION_LEVEL = "-Onone";
			};
			name = Debug;
		};
		EDD6303827589F63005C9C60 /* Release */ = {
			isa = XCBuildConfiguration;
			buildSettings = {
				ALWAYS_SEARCH_USER_PATHS = NO;
				CLANG_ANALYZER_NONNULL = YES;
				CLANG_ANALYZER_NUMBER_OBJECT_CONVERSION = YES_AGGRESSIVE;
				CLANG_CXX_LANGUAGE_STANDARD = "gnu++14";
				CLANG_CXX_LIBRARY = "libc++";
				CLANG_ENABLE_MODULES = YES;
				CLANG_ENABLE_OBJC_ARC = YES;
				CLANG_ENABLE_OBJC_WEAK = YES;
				CLANG_WARN_BLOCK_CAPTURE_AUTORELEASING = YES;
				CLANG_WARN_BOOL_CONVERSION = YES;
				CLANG_WARN_COMMA = YES;
				CLANG_WARN_CONSTANT_CONVERSION = YES;
				CLANG_WARN_DEPRECATED_OBJC_IMPLEMENTATIONS = YES;
				CLANG_WARN_DIRECT_OBJC_ISA_USAGE = YES_ERROR;
				CLANG_WARN_DOCUMENTATION_COMMENTS = YES;
				CLANG_WARN_EMPTY_BODY = YES;
				CLANG_WARN_ENUM_CONVERSION = YES;
				CLANG_WARN_INFINITE_RECURSION = YES;
				CLANG_WARN_INT_CONVERSION = YES;
				CLANG_WARN_NON_LITERAL_NULL_CONVERSION = YES;
				CLANG_WARN_OBJC_IMPLICIT_RETAIN_SELF = YES;
				CLANG_WARN_OBJC_LITERAL_CONVERSION = YES;
				CLANG_WARN_OBJC_ROOT_CLASS = YES_ERROR;
				CLANG_WARN_RANGE_LOOP_ANALYSIS = YES;
				CLANG_WARN_STRICT_PROTOTYPES = YES;
				CLANG_WARN_SUSPICIOUS_MOVE = YES;
				CLANG_WARN_UNGUARDED_AVAILABILITY = YES_AGGRESSIVE;
				CLANG_WARN_UNREACHABLE_CODE = YES;
				CLANG_WARN__DUPLICATE_METHOD_MATCH = YES;
				COPY_PHASE_STRIP = NO;
				DEBUG_INFORMATION_FORMAT = "dwarf-with-dsym";
				ENABLE_NS_ASSERTIONS = NO;
				ENABLE_STRICT_OBJC_MSGSEND = YES;
				GCC_C_LANGUAGE_STANDARD = gnu11;
				GCC_NO_COMMON_BLOCKS = YES;
				GCC_WARN_64_TO_32_BIT_CONVERSION = YES;
				GCC_WARN_ABOUT_RETURN_TYPE = YES_ERROR;
				GCC_WARN_UNDECLARED_SELECTOR = YES;
				GCC_WARN_UNINITIALIZED_AUTOS = YES_AGGRESSIVE;
				GCC_WARN_UNUSED_FUNCTION = YES;
				GCC_WARN_UNUSED_VARIABLE = YES;
				IPHONEOS_DEPLOYMENT_TARGET = 13.2;
				MTL_ENABLE_DEBUG_INFO = NO;
				MTL_FAST_MATH = YES;
				SDKROOT = iphoneos;
				SWIFT_COMPILATION_MODE = wholemodule;
				SWIFT_OPTIMIZATION_LEVEL = "-O";
				VALIDATE_PRODUCT = YES;
			};
			name = Release;
		};
		EDD6303A27589F63005C9C60 /* Debug */ = {
			isa = XCBuildConfiguration;
			baseConfigurationReference = 67E813010885D4D062F51A8F /* Pods-Xnote.debug.xcconfig */;
			buildSettings = {
				ASSETCATALOG_COMPILER_APPICON_NAME = AppIcon;
				CODE_SIGN_STYLE = Automatic;
				INFOPLIST_FILE = Xnote/Info.plist;
				LD_RUNPATH_SEARCH_PATHS = (
					"$(inherited)",
					"@executable_path/Frameworks",
				);
				PRODUCT_BUNDLE_IDENTIFIER = xnote.com.Xnote;
				PRODUCT_NAME = "$(TARGET_NAME)";
				SWIFT_VERSION = 5.0;
				TARGETED_DEVICE_FAMILY = "1,2";
			};
			name = Debug;
		};
		EDD6303B27589F63005C9C60 /* Release */ = {
			isa = XCBuildConfiguration;
			baseConfigurationReference = F5D98BDBC181E77ED75F4058 /* Pods-Xnote.release.xcconfig */;
			buildSettings = {
				ASSETCATALOG_COMPILER_APPICON_NAME = AppIcon;
				CODE_SIGN_STYLE = Automatic;
				INFOPLIST_FILE = Xnote/Info.plist;
				LD_RUNPATH_SEARCH_PATHS = (
					"$(inherited)",
					"@executable_path/Frameworks",
				);
				PRODUCT_BUNDLE_IDENTIFIER = xnote.com.Xnote;
				PRODUCT_NAME = "$(TARGET_NAME)";
				SWIFT_VERSION = 5.0;
				TARGETED_DEVICE_FAMILY = "1,2";
			};
			name = Release;
		};
/* End XCBuildConfiguration section */

/* Begin XCConfigurationList section */
		EDD6301D27589F60005C9C60 /* Build configuration list for PBXProject "Xnote" */ = {
			isa = XCConfigurationList;
			buildConfigurations = (
				EDD6303727589F63005C9C60 /* Debug */,
				EDD6303827589F63005C9C60 /* Release */,
			);
			defaultConfigurationIsVisible = 0;
			defaultConfigurationName = Release;
		};
		EDD6303927589F63005C9C60 /* Build configuration list for PBXNativeTarget "Xnote" */ = {
			isa = XCConfigurationList;
			buildConfigurations = (
				EDD6303A27589F63005C9C60 /* Debug */,
				EDD6303B27589F63005C9C60 /* Release */,
			);
			defaultConfigurationIsVisible = 0;
			defaultConfigurationName = Release;
		};
/* End XCConfigurationList section */

/* Begin XCVersionGroup section */
		EDD6302E27589F60005C9C60 /* Xnote.xcdatamodeld */ = {
			isa = XCVersionGroup;
			children = (
				EDD6302F27589F60005C9C60 /* Xnote.xcdatamodel */,
			);
			currentVersion = EDD6302F27589F60005C9C60 /* Xnote.xcdatamodel */;
			path = Xnote.xcdatamodeld;
			sourceTree = "<group>";
			versionGroupType = wrapper.xcdatamodel;
		};
/* End XCVersionGroup section */
	};
	rootObject = EDD6301A27589F60005C9C60 /* Project object */;
}
